
Microsoft Visual Studio Solution File, Format Version 10.00
# Visual Studio 2008
Project("{8BC9CEB8-8B4A-11D0-8D11-00A0C91BC942}") = "chkusb", "chkusb\chkusb.vcproj", "{C7F946C0-0854-46A2-B89E-16F9580E3005}"
EndProject
Global
	GlobalSection(SolutionConfigurationPlatforms) = preSolution
		Debug|Win32 = Debug|Win32
		Release|Win32 = Release|Win32
	EndGlobalSection
	GlobalSection(ProjectConfigurationPlatforms) = postSolution
		{C7F946C0-0854-46A2-B89E-16F9580E3005}.Debug|Win32.ActiveCfg = Debug|Win32
		{C7F946C0-0854-46A2-B89E-16F9580E3005}.Debug|Win32.Build.0 = Debug|Win32
		{C7F946C0-0854-46A2-B89E-16F9580E3005}.Release|Win32.ActiveCfg = Release|Win32
		{C7F946C0-0854-46A2-B89E-16F9580E3005}.Release|Win32.Build.0 = Release|Win32
	EndGlobalSection
	GlobalSection(SolutionProperties) = preSolution
		HideSolutionNode = FALSE
	EndGlobalSection
EndGlobal
